Microsoft Visual Studio Solution File, Format Version 12.00
# Visual Studio Version 17
VisualStudioVersion = 17.5.2.0
MinimumVisualStudioVersion = 10.0.40219.1
Project("{2150E333-8FDC-42A3-9474-1A3956D46DE8}") = "2513734_LeNguyenHoangLong_Lab06", "2513734_LeNguyenHoangLong_Lab06", "{6C0E81FB-F5ED-0FD3-EE68-0A4D1F11919C}"
EndProject
Project("{FAE04EC0-301F-11D3-BF4B-00C04F79EFBC}") = "2513734_LeNguyenHoangLong", "2513734_LeNguyenHoangLong_Lab06\2513734_LeNguyenHoangLong.csproj", "{05BF039E-A1FF-E194-1BAC-96EC80D153A3}"
EndProject
Global
	GlobalSection(SolutionConfigurationPlatforms) = preSolution
		Debug|Any CPU = Debug|Any CPU
		Release|Any CPU = Release|Any CPU
	EndGlobalSection
	GlobalSection(ProjectConfigurationPlatforms) = postSolution
		{05BF039E-A1FF-E194-1BAC-96EC80D153A3}.Debug|Any CPU.ActiveCfg = Debug|Any CPU
		{05BF039E-A1FF-E194-1BAC-96EC80D153A3}.Debug|Any CPU.Build.0 = Debug|Any CPU
		{05BF039E-A1FF-E194-1BAC-96EC80D153A3}.Release|Any CPU.ActiveCfg = Release|Any CPU
		{05BF039E-A1FF-E194-1BAC-96EC80D153A3}.Release|Any CPU.Build.0 = Release|Any CPU
	EndGlobalSection
	GlobalSection(SolutionProperties) = preSolution
		HideSolutionNode = FALSE
	EndGlobalSection
	GlobalSection(NestedProjects) = preSolution
		{05BF039E-A1FF-E194-1BAC-96EC80D153A3} = {6C0E81FB-F5ED-0FD3-EE68-0A4D1F11919C}
	EndGlobalSection
	GlobalSection(ExtensibilityGlobals) = postSolution
		SolutionGuid = {7C145651-CDE2-41E7-A600-21F3BD9C4E99}
	EndGlobalSection
EndGlobal
