Microsoft Visual Studio Solution File, Format Version 12.00
# Visual Studio Version 17
VisualStudioVersion = 17.5.2.0
MinimumVisualStudioVersion = 10.0.40219.1
Project("{FAE04EC0-301F-11D3-BF4B-00C04F79EFBC}") = "2513734_LeNguyenHoangLong_Lab07", "2513734_LeNguyenHoangLong_Lab07\2513734_LeNguyenHoangLong_Lab07.csproj", "{1BB5A08D-3CC4-E7B2-C1AC-0351D1532B75}"
EndProject
Global
	GlobalSection(SolutionConfigurationPlatforms) = preSolution
		Debug|Any CPU = Debug|Any CPU
		Release|Any CPU = Release|Any CPU
	EndGlobalSection
	GlobalSection(ProjectConfigurationPlatforms) = postSolution
		{1BB5A08D-3CC4-E7B2-C1AC-0351D1532B75}.Debug|Any CPU.ActiveCfg = Debug|Any CPU
		{1BB5A08D-3CC4-E7B2-C1AC-0351D1532B75}.Debug|Any CPU.Build.0 = Debug|Any CPU
		{1BB5A08D-3CC4-E7B2-C1AC-0351D1532B75}.Release|Any CPU.ActiveCfg = Release|Any CPU
		{1BB5A08D-3CC4-E7B2-C1AC-0351D1532B75}.Release|Any CPU.Build.0 = Release|Any CPU
	EndGlobalSection
	GlobalSection(SolutionProperties) = preSolution
		HideSolutionNode = FALSE
	EndGlobalSection
	GlobalSection(ExtensibilityGlobals) = postSolution
		SolutionGuid = {6A6C43AD-63AD-44AD-9BD1-93E0F4ED0E48}
	EndGlobalSection
EndGlobal
